
Microsoft Visual Studio Solution File, Format Version 12.00
# Visual Studio Version 17
VisualStudioVersion = 17.0.31903.59
MinimumVisualStudioVersion = 10.0.40219.1
Project("{2150E333-8FDC-42A3-9474-1A3956D46DE8}") = "src", "src", "{B1A12B94-F0B1-4D29-BBCA-9D39B3DD2F50}"
EndProject
Project("{FAE04EC0-301F-11D3-BF4B-00C04F79EFBC}") = "Api", "src\Api\Api.csproj", "{B45A054B-EC1D-42B0-9B0F-B44F895125FE}"
EndProject
Project("{FAE04EC0-301F-11D3-BF4B-00C04F79EFBC}") = "Domain", "src\Domain\Domain.csproj", "{9364DBB8-FF1C-4727-BAD9-37190431BE2A}"
EndProject
Project("{FAE04EC0-301F-11D3-BF4B-00C04F79EFBC}") = "Infrastructure", "src\Infrastructure\Infrastructure.csproj", "{EC5485E1-9D38-45BD-A441-2DDFDD253A1C}"
EndProject
Project("{FAE04EC0-301F-11D3-BF4B-00C04F79EFBC}") = "Application", "src\Application\Application.csproj", "{D6BD27B8-4E09-459F-9D26-E7A0CFC72D7D}"
EndProject
Global
	GlobalSection(SolutionConfigurationPlatforms) = preSolution
		Debug|Any CPU = Debug|Any CPU
		Release|Any CPU = Release|Any CPU
	EndGlobalSection
	GlobalSection(SolutionProperties) = preSolution
		HideSolutionNode = FALSE
	EndGlobalSection
	GlobalSection(ProjectConfigurationPlatforms) = postSolution
		{B45A054B-EC1D-42B0-9B0F-B44F895125FE}.Debug|Any CPU.ActiveCfg = Debug|Any CPU
		{B45A054B-EC1D-42B0-9B0F-B44F895125FE}.Debug|Any CPU.Build.0 = Debug|Any CPU
		{B45A054B-EC1D-42B0-9B0F-B44F895125FE}.Release|Any CPU.ActiveCfg = Release|Any CPU
		{B45A054B-EC1D-42B0-9B0F-B44F895125FE}.Release|Any CPU.Build.0 = Release|Any CPU
		{9364DBB8-FF1C-4727-BAD9-37190431BE2A}.Debug|Any CPU.ActiveCfg = Debug|Any CPU
		{9364DBB8-FF1C-4727-BAD9-37190431BE2A}.Debug|Any CPU.Build.0 = Debug|Any CPU
		{9364DBB8-FF1C-4727-BAD9-37190431BE2A}.Release|Any CPU.ActiveCfg = Release|Any CPU
		{9364DBB8-FF1C-4727-BAD9-37190431BE2A}.Release|Any CPU.Build.0 = Release|Any CPU
		{EC5485E1-9D38-45BD-A441-2DDFDD253A1C}.Debug|Any CPU.ActiveCfg = Debug|Any CPU
		{EC5485E1-9D38-45BD-A441-2DDFDD253A1C}.Debug|Any CPU.Build.0 = Debug|Any CPU
		{EC5485E1-9D38-45BD-A441-2DDFDD253A1C}.Release|Any CPU.ActiveCfg = Release|Any CPU
		{EC5485E1-9D38-45BD-A441-2DDFDD253A1C}.Release|Any CPU.Build.0 = Release|Any CPU
		{D6BD27B8-4E09-459F-9D26-E7A0CFC72D7D}.Debug|Any CPU.ActiveCfg = Debug|Any CPU
		{D6BD27B8-4E09-459F-9D26-E7A0CFC72D7D}.Debug|Any CPU.Build.0 = Debug|Any CPU
		{D6BD27B8-4E09-459F-9D26-E7A0CFC72D7D}.Release|Any CPU.ActiveCfg = Release|Any CPU
		{D6BD27B8-4E09-459F-9D26-E7A0CFC72D7D}.Release|Any CPU.Build.0 = Release|Any CPU
	EndGlobalSection
	GlobalSection(NestedProjects) = preSolution
		{B45A054B-EC1D-42B0-9B0F-B44F895125FE} = {B1A12B94-F0B1-4D29-BBCA-9D39B3DD2F50}
		{9364DBB8-FF1C-4727-BAD9-37190431BE2A} = {B1A12B94-F0B1-4D29-BBCA-9D39B3DD2F50}
		{EC5485E1-9D38-45BD-A441-2DDFDD253A1C} = {B1A12B94-F0B1-4D29-BBCA-9D39B3DD2F50}
		{D6BD27B8-4E09-459F-9D26-E7A0CFC72D7D} = {B1A12B94-F0B1-4D29-BBCA-9D39B3DD2F50}
	EndGlobalSection
EndGlobal
