
Microsoft Visual Studio Solution File, Format Version 12.00
# Visual Studio Version 17
VisualStudioVersion = 17.0.31903.59
MinimumVisualStudioVersion = 10.0.40219.1
Project("{2150E333-8FDC-42A3-9474-1A3956D46DE8}") = "src", "src", "{BE0F6FA0-93F6-4969-95FD-01266D91C51B}"
EndProject
Project("{FAE04EC0-301F-11D3-BF4B-00C04F79EFBC}") = "Api", "src\Api\Api.csproj", "{974B36E7-1E68-4B23-A97B-27941136C586}"
EndProject
Global
	GlobalSection(SolutionConfigurationPlatforms) = preSolution
		Debug|Any CPU = Debug|Any CPU
		Release|Any CPU = Release|Any CPU
	EndGlobalSection
	GlobalSection(SolutionProperties) = preSolution
		HideSolutionNode = FALSE
	EndGlobalSection
	GlobalSection(ProjectConfigurationPlatforms) = postSolution
		{974B36E7-1E68-4B23-A97B-27941136C586}.Debug|Any CPU.ActiveCfg = Debug|Any CPU
		{974B36E7-1E68-4B23-A97B-27941136C586}.Debug|Any CPU.Build.0 = Debug|Any CPU
		{974B36E7-1E68-4B23-A97B-27941136C586}.Release|Any CPU.ActiveCfg = Release|Any CPU
		{974B36E7-1E68-4B23-A97B-27941136C586}.Release|Any CPU.Build.0 = Release|Any CPU
	EndGlobalSection
	GlobalSection(NestedProjects) = preSolution
		{974B36E7-1E68-4B23-A97B-27941136C586} = {BE0F6FA0-93F6-4969-95FD-01266D91C51B}
	EndGlobalSection
EndGlobal
