
Microsoft Visual Studio Solution File, Format Version 12.00
# Visual Studio Version 17
VisualStudioVersion = 17.0.31903.59
MinimumVisualStudioVersion = 10.0.40219.1
Project("{2150E333-8FDC-42A3-9474-1A3956D46DE8}") = "src", "src", "{1F95640E-872C-4071-ADF5-66D0DB7D4AF6}"
EndProject
Project("{FAE04EC0-301F-11D3-BF4B-00C04F79EFBC}") = "Api", "src\Api\Api.csproj", "{1B7D8687-DBC6-4A67-8840-F205F1094142}"
EndProject
Global
	GlobalSection(SolutionConfigurationPlatforms) = preSolution
		Debug|Any CPU = Debug|Any CPU
		Release|Any CPU = Release|Any CPU
	EndGlobalSection
	GlobalSection(SolutionProperties) = preSolution
		HideSolutionNode = FALSE
	EndGlobalSection
	GlobalSection(ProjectConfigurationPlatforms) = postSolution
		{1B7D8687-DBC6-4A67-8840-F205F1094142}.Debug|Any CPU.ActiveCfg = Debug|Any CPU
		{1B7D8687-DBC6-4A67-8840-F205F1094142}.Debug|Any CPU.Build.0 = Debug|Any CPU
		{1B7D8687-DBC6-4A67-8840-F205F1094142}.Release|Any CPU.ActiveCfg = Release|Any CPU
		{1B7D8687-DBC6-4A67-8840-F205F1094142}.Release|Any CPU.Build.0 = Release|Any CPU
	EndGlobalSection
	GlobalSection(NestedProjects) = preSolution
		{1B7D8687-DBC6-4A67-8840-F205F1094142} = {1F95640E-872C-4071-ADF5-66D0DB7D4AF6}
	EndGlobalSection
EndGlobal
