
Microsoft Visual Studio Solution File, Format Version 12.00
# Visual Studio Version 17
VisualStudioVersion = 17.0.31903.59
MinimumVisualStudioVersion = 10.0.40219.1
Project("{2150E333-8FDC-42A3-9474-1A3956D46DE8}") = "src", "src", "{8540536F-1939-41BC-9BF1-F9EEDA8BBDB2}"
EndProject
Project("{FAE04EC0-301F-11D3-BF4B-00C04F79EFBC}") = "Web", "src\Web\Web.csproj", "{DEA1318F-DEFE-476E-80CD-12937AE5E030}"
EndProject
Global
	GlobalSection(SolutionConfigurationPlatforms) = preSolution
		Debug|Any CPU = Debug|Any CPU
		Release|Any CPU = Release|Any CPU
	EndGlobalSection
	GlobalSection(SolutionProperties) = preSolution
		HideSolutionNode = FALSE
	EndGlobalSection
	GlobalSection(ProjectConfigurationPlatforms) = postSolution
		{DEA1318F-DEFE-476E-80CD-12937AE5E030}.Debug|Any CPU.ActiveCfg = Debug|Any CPU
		{DEA1318F-DEFE-476E-80CD-12937AE5E030}.Debug|Any CPU.Build.0 = Debug|Any CPU
		{DEA1318F-DEFE-476E-80CD-12937AE5E030}.Release|Any CPU.ActiveCfg = Release|Any CPU
		{DEA1318F-DEFE-476E-80CD-12937AE5E030}.Release|Any CPU.Build.0 = Release|Any CPU
	EndGlobalSection
	GlobalSection(NestedProjects) = preSolution
		{DEA1318F-DEFE-476E-80CD-12937AE5E030} = {8540536F-1939-41BC-9BF1-F9EEDA8BBDB2}
	EndGlobalSection
EndGlobal
