
Microsoft Visual Studio Solution File, Format Version 12.00
# Visual Studio Version 17
VisualStudioVersion = 17.0.31903.59
MinimumVisualStudioVersion = 10.0.40219.1
Project("{2150E333-8FDC-42A3-9474-1A3956D46DE8}") = "src", "src", "{3AA2DF7F-C0F1-497A-B492-56209C868DA4}"
EndProject
Project("{FAE04EC0-301F-11D3-BF4B-00C04F79EFBC}") = "Api", "src\Api\Api.csproj", "{E2C8A519-AF96-49E9-A502-4F69B7C67C8C}"
EndProject
Global
	GlobalSection(SolutionConfigurationPlatforms) = preSolution
		Debug|Any CPU = Debug|Any CPU
		Release|Any CPU = Release|Any CPU
	EndGlobalSection
	GlobalSection(SolutionProperties) = preSolution
		HideSolutionNode = FALSE
	EndGlobalSection
	GlobalSection(ProjectConfigurationPlatforms) = postSolution
		{E2C8A519-AF96-49E9-A502-4F69B7C67C8C}.Debug|Any CPU.ActiveCfg = Debug|Any CPU
		{E2C8A519-AF96-49E9-A502-4F69B7C67C8C}.Debug|Any CPU.Build.0 = Debug|Any CPU
		{E2C8A519-AF96-49E9-A502-4F69B7C67C8C}.Release|Any CPU.ActiveCfg = Release|Any CPU
		{E2C8A519-AF96-49E9-A502-4F69B7C67C8C}.Release|Any CPU.Build.0 = Release|Any CPU
	EndGlobalSection
	GlobalSection(NestedProjects) = preSolution
		{E2C8A519-AF96-49E9-A502-4F69B7C67C8C} = {3AA2DF7F-C0F1-497A-B492-56209C868DA4}
	EndGlobalSection
EndGlobal
