
Microsoft Visual Studio Solution File, Format Version 12.00
# Visual Studio Version 17
VisualStudioVersion = 17.0.31903.59
MinimumVisualStudioVersion = 10.0.40219.1
Project("{2150E333-8FDC-42A3-9474-1A3956D46DE8}") = "src", "src", "{1D647A3B-59A8-4CC7-906F-1DB8118CC877}"
EndProject
Project("{FAE04EC0-301F-11D3-BF4B-00C04F79EFBC}") = "Api", "src\Api\Api.csproj", "{98165BE6-5093-4D39-9A9A-6ABE82385428}"
EndProject
Project("{2150E333-8FDC-42A3-9474-1A3956D46DE8}") = "tests", "tests", "{2E4052E9-8BAC-48F4-BAB8-D61BB7DB13EE}"
EndProject
Project("{FAE04EC0-301F-11D3-BF4B-00C04F79EFBC}") = "Controllers.Tests", "tests\Controllers.Tests\Controllers.Tests.csproj", "{A6D2D45C-F8EB-4E40-A890-FF673907EF3C}"
EndProject
Global
	GlobalSection(SolutionConfigurationPlatforms) = preSolution
		Debug|Any CPU = Debug|Any CPU
		Release|Any CPU = Release|Any CPU
	EndGlobalSection
	GlobalSection(SolutionProperties) = preSolution
		HideSolutionNode = FALSE
	EndGlobalSection
	GlobalSection(ProjectConfigurationPlatforms) = postSolution
		{98165BE6-5093-4D39-9A9A-6ABE82385428}.Debug|Any CPU.ActiveCfg = Debug|Any CPU
		{98165BE6-5093-4D39-9A9A-6ABE82385428}.Debug|Any CPU.Build.0 = Debug|Any CPU
		{98165BE6-5093-4D39-9A9A-6ABE82385428}.Release|Any CPU.ActiveCfg = Release|Any CPU
		{98165BE6-5093-4D39-9A9A-6ABE82385428}.Release|Any CPU.Build.0 = Release|Any CPU
		{A6D2D45C-F8EB-4E40-A890-FF673907EF3C}.Debug|Any CPU.ActiveCfg = Debug|Any CPU
		{A6D2D45C-F8EB-4E40-A890-FF673907EF3C}.Debug|Any CPU.Build.0 = Debug|Any CPU
		{A6D2D45C-F8EB-4E40-A890-FF673907EF3C}.Release|Any CPU.ActiveCfg = Release|Any CPU
		{A6D2D45C-F8EB-4E40-A890-FF673907EF3C}.Release|Any CPU.Build.0 = Release|Any CPU
	EndGlobalSection
	GlobalSection(NestedProjects) = preSolution
		{98165BE6-5093-4D39-9A9A-6ABE82385428} = {1D647A3B-59A8-4CC7-906F-1DB8118CC877}
		{A6D2D45C-F8EB-4E40-A890-FF673907EF3C} = {2E4052E9-8BAC-48F4-BAB8-D61BB7DB13EE}
	EndGlobalSection
EndGlobal
